
Microsoft Visual Studio Solution File, Format Version 12.00
# Visual Studio Version 16
VisualStudioVersion = 16.0.810.9
MinimumVisualStudioVersion = 10.0.40219.1
Project("{FAE04EC0-301F-11D3-BF4B-00C04F79EFBC}") = "LiveLyricsAPI", "LiveLyricsAPI\LiveLyricsAPI.csproj", "{53A2EF3F-91EB-428F-BB89-82F088F3C5D2}"
EndProject
Global
	GlobalSection(SolutionConfigurationPlatforms) = preSolution
		Debug|Any CPU = Debug|Any CPU
		Release|Any CPU = Release|Any CPU
	EndGlobalSection
	GlobalSection(ProjectConfigurationPlatforms) = postSolution
		{53A2EF3F-91EB-428F-BB89-82F088F3C5D2}.Debug|Any CPU.ActiveCfg = Debug|Any CPU
		{53A2EF3F-91EB-428F-BB89-82F088F3C5D2}.Debug|Any CPU.Build.0 = Debug|Any CPU
		{53A2EF3F-91EB-428F-BB89-82F088F3C5D2}.Release|Any CPU.ActiveCfg = Release|Any CPU
		{53A2EF3F-91EB-428F-BB89-82F088F3C5D2}.Release|Any CPU.Build.0 = Release|Any CPU
	EndGlobalSection
	GlobalSection(SolutionProperties) = preSolution
		HideSolutionNode = FALSE
	EndGlobalSection
	GlobalSection(ExtensibilityGlobals) = postSolution
		SolutionGuid = {89F5F2BF-51FB-4902-B8E1-234A6BA503BD}
	EndGlobalSection
EndGlobal
